// !$*UTF8*$!
{
	archiveVersion = 1;
	classes = {
	};
	objectVersion = 56;
	objects = {

/* Begin PBXBuildFile section */
		2015555D2B46D293007A7423 /* AppDelegate.swift in Sources */ = {isa = PBXBuildFile; fileRef = 2015555C2B46D293007A7423 /* AppDelegate.swift */; };
		2015555F2B46D293007A7423 /* SceneDelegate.swift in Sources */ = {isa = PBXBuildFile; fileRef = 2015555E2B46D293007A7423 /* SceneDelegate.swift */; };
		201555612B46D293007A7423 /* LoginViewController.swift in Sources */ = {isa = PBXBuildFile; fileRef = 201555602B46D293007A7423 /* LoginViewController.swift */; };
		201555662B46D296007A7423 /* Assets.xcassets in Resources */ = {isa = PBXBuildFile; fileRef = 201555652B46D296007A7423 /* Assets.xcassets */; };
		201555692B46D296007A7423 /* LaunchScreen.storyboard in Resources */ = {isa = PBXBuildFile; fileRef = 201555672B46D296007A7423 /* LaunchScreen.storyboard */; };
		201555742B46D296007A7423 /* MoviesTests.swift in Sources */ = {isa = PBXBuildFile; fileRef = 201555732B46D296007A7423 /* MoviesTests.swift */; };
		2015557E2B46D296007A7423 /* MoviesUITests.swift in Sources */ = {isa = PBXBuildFile; fileRef = 2015557D2B46D296007A7423 /* MoviesUITests.swift */; };
		201555802B46D296007A7423 /* MoviesUITestsLaunchTests.swift in Sources */ = {isa = PBXBuildFile; fileRef = 2015557F2B46D296007A7423 /* MoviesUITestsLaunchTests.swift */; };
		20765D662B4C114400B30CAB /* OpenSans-Regular.ttf in Resources */ = {isa = PBXBuildFile; fileRef = 20765D652B4C114400B30CAB /* OpenSans-Regular.ttf */; };
		20765D682B4C115600B30CAB /* OpenSans-SemiBold.ttf in Resources */ = {isa = PBXBuildFile; fileRef = 20765D672B4C115600B30CAB /* OpenSans-SemiBold.ttf */; };
		20765D6A2B4C116900B30CAB /* OpenSans-ExtraBold.ttf in Resources */ = {isa = PBXBuildFile; fileRef = 20765D692B4C116900B30CAB /* OpenSans-ExtraBold.ttf */; };
		20765D6C2B4C127500B30CAB /* FontsConstants.swift in Sources */ = {isa = PBXBuildFile; fileRef = 20765D6B2B4C127500B30CAB /* FontsConstants.swift */; };
		209965C32B497DFD00DB6634 /* GoogleService-Info.plist in Resources */ = {isa = PBXBuildFile; fileRef = 209965C22B497DFC00DB6634 /* GoogleService-Info.plist */; };
		209965C62B497F5700DB6634 /* FirebaseAuth in Frameworks */ = {isa = PBXBuildFile; productRef = 209965C52B497F5700DB6634 /* FirebaseAuth */; };
		209965C82B497F5700DB6634 /* FirebaseDatabase in Frameworks */ = {isa = PBXBuildFile; productRef = 209965C72B497F5700DB6634 /* FirebaseDatabase */; };
		209965CA2B497F5700DB6634 /* FirebaseDatabaseSwift in Frameworks */ = {isa = PBXBuildFile; productRef = 209965C92B497F5700DB6634 /* FirebaseDatabaseSwift */; };
		209965CC2B497F5700DB6634 /* FirebaseFirestore in Frameworks */ = {isa = PBXBuildFile; productRef = 209965CB2B497F5700DB6634 /* FirebaseFirestore */; };
		209965CE2B497F5700DB6634 /* FirebaseFirestoreSwift in Frameworks */ = {isa = PBXBuildFile; productRef = 209965CD2B497F5700DB6634 /* FirebaseFirestoreSwift */; };
		209965D02B497F5700DB6634 /* FirebaseStorage in Frameworks */ = {isa = PBXBuildFile; productRef = 209965CF2B497F5700DB6634 /* FirebaseStorage */; };
		209965D22B4983B900DB6634 /* AuthorizedManager.swift in Sources */ = {isa = PBXBuildFile; fileRef = 209965D12B4983B900DB6634 /* AuthorizedManager.swift */; };
		209965D42B49843A00DB6634 /* UserProfile.swift in Sources */ = {isa = PBXBuildFile; fileRef = 209965D32B49843A00DB6634 /* UserProfile.swift */; };
		209965D62B49853D00DB6634 /* AuthorizedError.swift in Sources */ = {isa = PBXBuildFile; fileRef = 209965D52B49853D00DB6634 /* AuthorizedError.swift */; };
		209965D82B49871000DB6634 /* DataBaseManager.swift in Sources */ = {isa = PBXBuildFile; fileRef = 209965D72B49871000DB6634 /* DataBaseManager.swift */; };
		209965DA2B499A6600DB6634 /* Alert+Extension.swift in Sources */ = {isa = PBXBuildFile; fileRef = 209965D92B499A6600DB6634 /* Alert+Extension.swift */; };
		20B3FEAB2B48A23400566ACC /* ColorConstans.swift in Sources */ = {isa = PBXBuildFile; fileRef = 20B3FEAA2B48A23400566ACC /* ColorConstans.swift */; };
		20B3FEAD2B48AE6400566ACC /* BaseCoordinator.swift in Sources */ = {isa = PBXBuildFile; fileRef = 20B3FEAC2B48AE6300566ACC /* BaseCoordinator.swift */; };
		20B3FEAF2B48B2CE00566ACC /* SearchViewController.swift in Sources */ = {isa = PBXBuildFile; fileRef = 20B3FEAE2B48B2CE00566ACC /* SearchViewController.swift */; };
		20B3FEB12B48B2FB00566ACC /* CreateViewController.swift in Sources */ = {isa = PBXBuildFile; fileRef = 20B3FEB02B48B2FB00566ACC /* CreateViewController.swift */; };
		20B3FEB32B48B31800566ACC /* ProfileViewController.swift in Sources */ = {isa = PBXBuildFile; fileRef = 20B3FEB22B48B31800566ACC /* ProfileViewController.swift */; };
		20C3119F2B4819D700936DBC /* HomeViewController.swift in Sources */ = {isa = PBXBuildFile; fileRef = 20C3119E2B4819D700936DBC /* HomeViewController.swift */; };
		20C311A12B481A9D00936DBC /* Coordinator.swift in Sources */ = {isa = PBXBuildFile; fileRef = 20C311A02B481A9D00936DBC /* Coordinator.swift */; };
		20C311A32B481CEB00936DBC /* AppCoordinator.swift in Sources */ = {isa = PBXBuildFile; fileRef = 20C311A22B481CEB00936DBC /* AppCoordinator.swift */; };
		20C311A52B48201100936DBC /* LoginCoordinator.swift in Sources */ = {isa = PBXBuildFile; fileRef = 20C311A42B48201100936DBC /* LoginCoordinator.swift */; };
		20C311A72B48203100936DBC /* TabBarCoordinator.swift in Sources */ = {isa = PBXBuildFile; fileRef = 20C311A62B48203100936DBC /* TabBarCoordinator.swift */; };
		20C311AA2B482B5C00936DBC /* UITextFieldPudding.swift in Sources */ = {isa = PBXBuildFile; fileRef = 20C311A92B482B5C00936DBC /* UITextFieldPudding.swift */; };
		20C311AC2B482EA800936DBC /* TitleConstans.swift in Sources */ = {isa = PBXBuildFile; fileRef = 20C311AB2B482EA800936DBC /* TitleConstans.swift */; };
		20C311AE2B482F2C00936DBC /* UIView+Extension.swift in Sources */ = {isa = PBXBuildFile; fileRef = 20C311AD2B482F2C00936DBC /* UIView+Extension.swift */; };
		20C311B02B48300000936DBC /* ImageConstants.swift in Sources */ = {isa = PBXBuildFile; fileRef = 20C311AF2B48300000936DBC /* ImageConstants.swift */; };
		20C311B42B489F3000936DBC /* SplashViewController.swift in Sources */ = {isa = PBXBuildFile; fileRef = 20C311B32B489F3000936DBC /* SplashViewController.swift */; };
		20FD106C2B4D440600D2297F /* HomeViewModel.swift in Sources */ = {isa = PBXBuildFile; fileRef = 20FD106B2B4D440600D2297F /* HomeViewModel.swift */; };
		20FD106E2B4D4E7C00D2297F /* HomeVC+CollectionView.swift in Sources */ = {isa = PBXBuildFile; fileRef = 20FD106D2B4D4E7C00D2297F /* HomeVC+CollectionView.swift */; };
		20FD10712B4D505F00D2297F /* CompositionalLayout.swift in Sources */ = {isa = PBXBuildFile; fileRef = 20FD10702B4D505F00D2297F /* CompositionalLayout.swift */; };
		20FD10742B4D524700D2297F /* HeaderCell.swift in Sources */ = {isa = PBXBuildFile; fileRef = 20FD10732B4D524700D2297F /* HeaderCell.swift */; };
		20FD10762B4D52C500D2297F /* HomeCell.swift in Sources */ = {isa = PBXBuildFile; fileRef = 20FD10752B4D52C500D2297F /* HomeCell.swift */; };
		20FD10782B4D7ACC00D2297F /* CategoriesCell.swift in Sources */ = {isa = PBXBuildFile; fileRef = 20FD10772B4D7ACC00D2297F /* CategoriesCell.swift */; };
		20FD107C2B4FE26300D2297F /* LatestTrailersCell.swift in Sources */ = {isa = PBXBuildFile; fileRef = 20FD107B2B4FE26300D2297F /* LatestTrailersCell.swift */; };
		20FD107E2B4FE4BD00D2297F /* BaseHomeCell.swift in Sources */ = {isa = PBXBuildFile; fileRef = 20FD107D2B4FE4BD00D2297F /* BaseHomeCell.swift */; };
		9C6F58F22B4DFEC900D820BA /* UIButton+Extension.swift in Sources */ = {isa = PBXBuildFile; fileRef = 9C6F58F12B4DFEC900D820BA /* UIButton+Extension.swift */; };
		9C6F58F42B4DFF1C00D820BA /* UIColor+extension.swift in Sources */ = {isa = PBXBuildFile; fileRef = 9C6F58F32B4DFF1C00D820BA /* UIColor+extension.swift */; };
		9C6F58F62B4E01A000D820BA /* UIImage+extension.swift in Sources */ = {isa = PBXBuildFile; fileRef = 9C6F58F52B4E01A000D820BA /* UIImage+extension.swift */; };
		9C6F58F92B4E7A2700D820BA /* MoviesSegmentControl.swift in Sources */ = {isa = PBXBuildFile; fileRef = 9C6F58F82B4E7A2700D820BA /* MoviesSegmentControl.swift */; };
		9C6F58FB2B4EB6AB00D820BA /* CircleStrokeView.swift in Sources */ = {isa = PBXBuildFile; fileRef = 9C6F58FA2B4EB6AB00D820BA /* CircleStrokeView.swift */; };
/* End PBXBuildFile section */

/* Begin PBXContainerItemProxy section */
		201555702B46D296007A7423 /* PBXContainerItemProxy */ = {
			isa = PBXContainerItemProxy;
			containerPortal = 201555512B46D293007A7423 /* Project object */;
			proxyType = 1;
			remoteGlobalIDString = 201555582B46D293007A7423;
			remoteInfo = Movies;
		};
		2015557A2B46D296007A7423 /* PBXContainerItemProxy */ = {
			isa = PBXContainerItemProxy;
			containerPortal = 201555512B46D293007A7423 /* Project object */;
			proxyType = 1;
			remoteGlobalIDString = 201555582B46D293007A7423;
			remoteInfo = Movies;
		};
/* End PBXContainerItemProxy section */

/* Begin PBXFileReference section */
		201555592B46D293007A7423 /* Movies.app */ = {isa = PBXFileReference; explicitFileType = wrapper.application; includeInIndex = 0; path = Movies.app; sourceTree = BUILT_PRODUCTS_DIR; };
		2015555C2B46D293007A7423 /* AppDelegate.swift */ = {isa = PBXFileReference; lastKnownFileType = sourcecode.swift; path = AppDelegate.swift; sourceTree = "<group>"; };
		2015555E2B46D293007A7423 /* SceneDelegate.swift */ = {isa = PBXFileReference; lastKnownFileType = sourcecode.swift; path = SceneDelegate.swift; sourceTree = "<group>"; };
		201555602B46D293007A7423 /* LoginViewController.swift */ = {isa = PBXFileReference; lastKnownFileType = sourcecode.swift; path = LoginViewController.swift; sourceTree = "<group>"; };
		201555652B46D296007A7423 /* Assets.xcassets */ = {isa = PBXFileReference; lastKnownFileType = folder.assetcatalog; path = Assets.xcassets; sourceTree = "<group>"; };
		201555682B46D296007A7423 /* Base */ = {isa = PBXFileReference; lastKnownFileType = file.storyboard; name = Base; path = Base.lproj/LaunchScreen.storyboard; sourceTree = "<group>"; };
		2015556A2B46D296007A7423 /* Info.plist */ = {isa = PBXFileReference; lastKnownFileType = text.plist.xml; path = Info.plist; sourceTree = "<group>"; };
		2015556F2B46D296007A7423 /* MoviesTests.xctest */ = {isa = PBXFileReference; explicitFileType = wrapper.cfbundle; includeInIndex = 0; path = MoviesTests.xctest; sourceTree = BUILT_PRODUCTS_DIR; };
		201555732B46D296007A7423 /* MoviesTests.swift */ = {isa = PBXFileReference; lastKnownFileType = sourcecode.swift; path = MoviesTests.swift; sourceTree = "<group>"; };
		201555792B46D296007A7423 /* MoviesUITests.xctest */ = {isa = PBXFileReference; explicitFileType = wrapper.cfbundle; includeInIndex = 0; path = MoviesUITests.xctest; sourceTree = BUILT_PRODUCTS_DIR; };
		2015557D2B46D296007A7423 /* MoviesUITests.swift */ = {isa = PBXFileReference; lastKnownFileType = sourcecode.swift; path = MoviesUITests.swift; sourceTree = "<group>"; };
		2015557F2B46D296007A7423 /* MoviesUITestsLaunchTests.swift */ = {isa = PBXFileReference; lastKnownFileType = sourcecode.swift; path = MoviesUITestsLaunchTests.swift; sourceTree = "<group>"; };
		20765D652B4C114400B30CAB /* OpenSans-Regular.ttf */ = {isa = PBXFileReference; lastKnownFileType = file; path = "OpenSans-Regular.ttf"; sourceTree = "<group>"; };
		20765D672B4C115600B30CAB /* OpenSans-SemiBold.ttf */ = {isa = PBXFileReference; lastKnownFileType = file; path = "OpenSans-SemiBold.ttf"; sourceTree = "<group>"; };
		20765D692B4C116900B30CAB /* OpenSans-ExtraBold.ttf */ = {isa = PBXFileReference; lastKnownFileType = file; path = "OpenSans-ExtraBold.ttf"; sourceTree = "<group>"; };
		20765D6B2B4C127500B30CAB /* FontsConstants.swift */ = {isa = PBXFileReference; lastKnownFileType = sourcecode.swift; path = FontsConstants.swift; sourceTree = "<group>"; };
		209965C22B497DFC00DB6634 /* GoogleService-Info.plist */ = {isa = PBXFileReference; fileEncoding = 4; lastKnownFileType = text.plist.xml; path = "GoogleService-Info.plist"; sourceTree = "<group>"; };
		209965D12B4983B900DB6634 /* AuthorizedManager.swift */ = {isa = PBXFileReference; lastKnownFileType = sourcecode.swift; path = AuthorizedManager.swift; sourceTree = "<group>"; };
		209965D32B49843A00DB6634 /* UserProfile.swift */ = {isa = PBXFileReference; lastKnownFileType = sourcecode.swift; path = UserProfile.swift; sourceTree = "<group>"; };
		209965D52B49853D00DB6634 /* AuthorizedError.swift */ = {isa = PBXFileReference; fileEncoding = 4; lastKnownFileType = sourcecode.swift; path = AuthorizedError.swift; sourceTree = "<group>"; };
		209965D72B49871000DB6634 /* DataBaseManager.swift */ = {isa = PBXFileReference; fileEncoding = 4; lastKnownFileType = sourcecode.swift; path = DataBaseManager.swift; sourceTree = "<group>"; };
		209965D92B499A6600DB6634 /* Alert+Extension.swift */ = {isa = PBXFileReference; fileEncoding = 4; lastKnownFileType = sourcecode.swift; path = "Alert+Extension.swift"; sourceTree = "<group>"; };
		20B3FEAA2B48A23400566ACC /* ColorConstans.swift */ = {isa = PBXFileReference; lastKnownFileType = sourcecode.swift; path = ColorConstans.swift; sourceTree = "<group>"; };
		20B3FEAC2B48AE6300566ACC /* BaseCoordinator.swift */ = {isa = PBXFileReference; lastKnownFileType = sourcecode.swift; path = BaseCoordinator.swift; sourceTree = "<group>"; };
		20B3FEAE2B48B2CE00566ACC /* SearchViewController.swift */ = {isa = PBXFileReference; lastKnownFileType = sourcecode.swift; path = SearchViewController.swift; sourceTree = "<group>"; };
		20B3FEB02B48B2FB00566ACC /* CreateViewController.swift */ = {isa = PBXFileReference; lastKnownFileType = sourcecode.swift; path = CreateViewController.swift; sourceTree = "<group>"; };
		20B3FEB22B48B31800566ACC /* ProfileViewController.swift */ = {isa = PBXFileReference; lastKnownFileType = sourcecode.swift; path = ProfileViewController.swift; sourceTree = "<group>"; };
		20C3119E2B4819D700936DBC /* HomeViewController.swift */ = {isa = PBXFileReference; lastKnownFileType = sourcecode.swift; path = HomeViewController.swift; sourceTree = "<group>"; };
		20C311A02B481A9D00936DBC /* Coordinator.swift */ = {isa = PBXFileReference; lastKnownFileType = sourcecode.swift; path = Coordinator.swift; sourceTree = "<group>"; };
		20C311A22B481CEB00936DBC /* AppCoordinator.swift */ = {isa = PBXFileReference; lastKnownFileType = sourcecode.swift; path = AppCoordinator.swift; sourceTree = "<group>"; };
		20C311A42B48201100936DBC /* LoginCoordinator.swift */ = {isa = PBXFileReference; lastKnownFileType = sourcecode.swift; path = LoginCoordinator.swift; sourceTree = "<group>"; };
		20C311A62B48203100936DBC /* TabBarCoordinator.swift */ = {isa = PBXFileReference; lastKnownFileType = sourcecode.swift; path = TabBarCoordinator.swift; sourceTree = "<group>"; };
		20C311A92B482B5C00936DBC /* UITextFieldPudding.swift */ = {isa = PBXFileReference; lastKnownFileType = sourcecode.swift; path = UITextFieldPudding.swift; sourceTree = "<group>"; };
		20C311AB2B482EA800936DBC /* TitleConstans.swift */ = {isa = PBXFileReference; lastKnownFileType = sourcecode.swift; path = TitleConstans.swift; sourceTree = "<group>"; };
		20C311AD2B482F2C00936DBC /* UIView+Extension.swift */ = {isa = PBXFileReference; lastKnownFileType = sourcecode.swift; path = "UIView+Extension.swift"; sourceTree = "<group>"; };
		20C311AF2B48300000936DBC /* ImageConstants.swift */ = {isa = PBXFileReference; lastKnownFileType = sourcecode.swift; path = ImageConstants.swift; sourceTree = "<group>"; };
		20C311B32B489F3000936DBC /* SplashViewController.swift */ = {isa = PBXFileReference; lastKnownFileType = sourcecode.swift; path = SplashViewController.swift; sourceTree = "<group>"; };
		20FD106B2B4D440600D2297F /* HomeViewModel.swift */ = {isa = PBXFileReference; lastKnownFileType = sourcecode.swift; path = HomeViewModel.swift; sourceTree = "<group>"; };
		20FD106D2B4D4E7C00D2297F /* HomeVC+CollectionView.swift */ = {isa = PBXFileReference; lastKnownFileType = sourcecode.swift; path = "HomeVC+CollectionView.swift"; sourceTree = "<group>"; };
		20FD10702B4D505F00D2297F /* CompositionalLayout.swift */ = {isa = PBXFileReference; lastKnownFileType = sourcecode.swift; path = CompositionalLayout.swift; sourceTree = "<group>"; };
		20FD10732B4D524700D2297F /* HeaderCell.swift */ = {isa = PBXFileReference; lastKnownFileType = sourcecode.swift; path = HeaderCell.swift; sourceTree = "<group>"; };
		20FD10752B4D52C500D2297F /* HomeCell.swift */ = {isa = PBXFileReference; lastKnownFileType = sourcecode.swift; path = HomeCell.swift; sourceTree = "<group>"; };
		20FD10772B4D7ACC00D2297F /* CategoriesCell.swift */ = {isa = PBXFileReference; lastKnownFileType = sourcecode.swift; path = CategoriesCell.swift; sourceTree = "<group>"; };
		20FD107B2B4FE26300D2297F /* LatestTrailersCell.swift */ = {isa = PBXFileReference; lastKnownFileType = sourcecode.swift; path = LatestTrailersCell.swift; sourceTree = "<group>"; };
		20FD107D2B4FE4BD00D2297F /* BaseHomeCell.swift */ = {isa = PBXFileReference; lastKnownFileType = sourcecode.swift; path = BaseHomeCell.swift; sourceTree = "<group>"; };
		9C6F58F12B4DFEC900D820BA /* UIButton+Extension.swift */ = {isa = PBXFileReference; fileEncoding = 4; lastKnownFileType = sourcecode.swift; path = "UIButton+Extension.swift"; sourceTree = "<group>"; };
		9C6F58F32B4DFF1C00D820BA /* UIColor+extension.swift */ = {isa = PBXFileReference; fileEncoding = 4; lastKnownFileType = sourcecode.swift; path = "UIColor+extension.swift"; sourceTree = "<group>"; };
		9C6F58F52B4E01A000D820BA /* UIImage+extension.swift */ = {isa = PBXFileReference; lastKnownFileType = sourcecode.swift; path = "UIImage+extension.swift"; sourceTree = "<group>"; };
		9C6F58F82B4E7A2700D820BA /* MoviesSegmentControl.swift */ = {isa = PBXFileReference; fileEncoding = 4; lastKnownFileType = sourcecode.swift; path = MoviesSegmentControl.swift; sourceTree = "<group>"; };
		9C6F58FA2B4EB6AB00D820BA /* CircleStrokeView.swift */ = {isa = PBXFileReference; lastKnownFileType = sourcecode.swift; path = CircleStrokeView.swift; sourceTree = "<group>"; };
/* End PBXFileReference section */

/* Begin PBXFrameworksBuildPhase section */
		201555562B46D293007A7423 /* Frameworks */ = {
			isa = PBXFrameworksBuildPhase;
			buildActionMask = 2147483647;
			files = (
				209965CE2B497F5700DB6634 /* FirebaseFirestoreSwift in Frameworks */,
				209965CA2B497F5700DB6634 /* FirebaseDatabaseSwift in Frameworks */,
				209965CC2B497F5700DB6634 /* FirebaseFirestore in Frameworks */,
				209965C82B497F5700DB6634 /* FirebaseDatabase in Frameworks */,
				209965C62B497F5700DB6634 /* FirebaseAuth in Frameworks */,
				209965D02B497F5700DB6634 /* FirebaseStorage in Frameworks */,
			);
			runOnlyForDeploymentPostprocessing = 0;
		};
		2015556C2B46D296007A7423 /* Frameworks */ = {
			isa = PBXFrameworksBuildPhase;
			buildActionMask = 2147483647;
			files = (
			);
			runOnlyForDeploymentPostprocessing = 0;
		};
		201555762B46D296007A7423 /* Frameworks */ = {
			isa = PBXFrameworksBuildPhase;
			buildActionMask = 2147483647;
			files = (
			);
			runOnlyForDeploymentPostprocessing = 0;
		};
/* End PBXFrameworksBuildPhase section */

/* Begin PBXGroup section */
		201555502B46D293007A7423 = {
			isa = PBXGroup;
			children = (
				2015555B2B46D293007A7423 /* Movies */,
				201555722B46D296007A7423 /* MoviesTests */,
				2015557C2B46D296007A7423 /* MoviesUITests */,
				2015555A2B46D293007A7423 /* Products */,
			);
			sourceTree = "<group>";
		};
		2015555A2B46D293007A7423 /* Products */ = {
			isa = PBXGroup;
			children = (
				201555592B46D293007A7423 /* Movies.app */,
				2015556F2B46D296007A7423 /* MoviesTests.xctest */,
				201555792B46D296007A7423 /* MoviesUITests.xctest */,
			);
			name = Products;
			sourceTree = "<group>";
		};
		2015555B2B46D293007A7423 /* Movies */ = {
			isa = PBXGroup;
			children = (
				20C311962B480EB700936DBC /* Applications */,
				20C311972B480ED700936DBC /* Constants */,
				20C311A82B482B2300936DBC /* Helpers */,
				20FD106F2B4D501100D2297F /* CompositionalLayout */,
				20C3119D2B4818F300936DBC /* Coordinator */,
				20C311982B480F1D00936DBC /* Managers */,
				20C311992B480F2D00936DBC /* Models */,
				20C3119B2B480F5500936DBC /* ViewModels */,
				20C3119C2B480F6800936DBC /* Views */,
				20C3119A2B480F4000936DBC /* Resourses */,
			);
			path = Movies;
			sourceTree = "<group>";
		};
		201555722B46D296007A7423 /* MoviesTests */ = {
			isa = PBXGroup;
			children = (
				201555732B46D296007A7423 /* MoviesTests.swift */,
			);
			path = MoviesTests;
			sourceTree = "<group>";
		};
		2015557C2B46D296007A7423 /* MoviesUITests */ = {
			isa = PBXGroup;
			children = (
				2015557D2B46D296007A7423 /* MoviesUITests.swift */,
				2015557F2B46D296007A7423 /* MoviesUITestsLaunchTests.swift */,
			);
			path = MoviesUITests;
			sourceTree = "<group>";
		};
		20765D622B4C104300B30CAB /* fonts */ = {
			isa = PBXGroup;
			children = (
				20765D652B4C114400B30CAB /* OpenSans-Regular.ttf */,
				20765D672B4C115600B30CAB /* OpenSans-SemiBold.ttf */,
				20765D692B4C116900B30CAB /* OpenSans-ExtraBold.ttf */,
			);
			path = fonts;
			sourceTree = "<group>";
		};
		20C311962B480EB700936DBC /* Applications */ = {
			isa = PBXGroup;
			children = (
				2015555C2B46D293007A7423 /* AppDelegate.swift */,
				2015555E2B46D293007A7423 /* SceneDelegate.swift */,
			);
			path = Applications;
			sourceTree = "<group>";
		};
		20C311972B480ED700936DBC /* Constants */ = {
			isa = PBXGroup;
			children = (
				20C311AB2B482EA800936DBC /* TitleConstans.swift */,
				20C311AF2B48300000936DBC /* ImageConstants.swift */,
				20B3FEAA2B48A23400566ACC /* ColorConstans.swift */,
				20765D6B2B4C127500B30CAB /* FontsConstants.swift */,
			);
			path = Constants;
			sourceTree = "<group>";
		};
		20C311982B480F1D00936DBC /* Managers */ = {
			isa = PBXGroup;
			children = (
				209965D12B4983B900DB6634 /* AuthorizedManager.swift */,
				209965D72B49871000DB6634 /* DataBaseManager.swift */,
			);
			path = Managers;
			sourceTree = "<group>";
		};
		20C311992B480F2D00936DBC /* Models */ = {
			isa = PBXGroup;
			children = (
				209965D32B49843A00DB6634 /* UserProfile.swift */,
			);
			path = Models;
			sourceTree = "<group>";
		};
		20C3119A2B480F4000936DBC /* Resourses */ = {
			isa = PBXGroup;
			children = (
				20765D622B4C104300B30CAB /* fonts */,
				201555652B46D296007A7423 /* Assets.xcassets */,
				201555672B46D296007A7423 /* LaunchScreen.storyboard */,
				209965C22B497DFC00DB6634 /* GoogleService-Info.plist */,
				2015556A2B46D296007A7423 /* Info.plist */,
			);
			path = Resourses;
			sourceTree = "<group>";
		};
		20C3119B2B480F5500936DBC /* ViewModels */ = {
			isa = PBXGroup;
			children = (
				20FD106B2B4D440600D2297F /* HomeViewModel.swift */,
			);
			path = ViewModels;
			sourceTree = "<group>";
		};
		20C3119C2B480F6800936DBC /* Views */ = {
			isa = PBXGroup;
			children = (
				20FD106A2B4D43E300D2297F /* Home */,
				20C311B32B489F3000936DBC /* SplashViewController.swift */,
				201555602B46D293007A7423 /* LoginViewController.swift */,
				20B3FEAE2B48B2CE00566ACC /* SearchViewController.swift */,
				20B3FEB02B48B2FB00566ACC /* CreateViewController.swift */,
				20B3FEB22B48B31800566ACC /* ProfileViewController.swift */,
			);
			path = Views;
			sourceTree = "<group>";
		};
		20C3119D2B4818F300936DBC /* Coordinator */ = {
			isa = PBXGroup;
			children = (
				20C311A02B481A9D00936DBC /* Coordinator.swift */,
				20B3FEAC2B48AE6300566ACC /* BaseCoordinator.swift */,
				20C311A22B481CEB00936DBC /* AppCoordinator.swift */,
				20C311A42B48201100936DBC /* LoginCoordinator.swift */,
				20C311A62B48203100936DBC /* TabBarCoordinator.swift */,
			);
			path = Coordinator;
			sourceTree = "<group>";
		};
		20C311A82B482B2300936DBC /* Helpers */ = {
			isa = PBXGroup;
			children = (
				9C6F58F72B4E7A1900D820BA /* CustomViews */,
				20C311A92B482B5C00936DBC /* UITextFieldPudding.swift */,
				9C6F58F12B4DFEC900D820BA /* UIButton+Extension.swift */,
				20C311AD2B482F2C00936DBC /* UIView+Extension.swift */,
				9C6F58F32B4DFF1C00D820BA /* UIColor+extension.swift */,
				209965D52B49853D00DB6634 /* AuthorizedError.swift */,
				209965D92B499A6600DB6634 /* Alert+Extension.swift */,
				9C6F58F52B4E01A000D820BA /* UIImage+extension.swift */,
			);
			path = Helpers;
			sourceTree = "<group>";
		};
		20FD106A2B4D43E300D2297F /* Home */ = {
			isa = PBXGroup;
			children = (
				20C3119E2B4819D700936DBC /* HomeViewController.swift */,
				20FD106D2B4D4E7C00D2297F /* HomeVC+CollectionView.swift */,
				20FD10722B4D51A800D2297F /* Cells */,
			);
			path = Home;
			sourceTree = "<group>";
		};
		20FD106F2B4D501100D2297F /* CompositionalLayout */ = {
			isa = PBXGroup;
			children = (
				20FD10702B4D505F00D2297F /* CompositionalLayout.swift */,
			);
			path = CompositionalLayout;
			sourceTree = "<group>";
		};
		20FD10722B4D51A800D2297F /* Cells */ = {
			isa = PBXGroup;
			children = (
				20FD10772B4D7ACC00D2297F /* CategoriesCell.swift */,
				20FD10732B4D524700D2297F /* HeaderCell.swift */,
				20FD107D2B4FE4BD00D2297F /* BaseHomeCell.swift */,
				20FD10752B4D52C500D2297F /* HomeCell.swift */,
				20FD107B2B4FE26300D2297F /* LatestTrailersCell.swift */,
			);
			path = Cells;
			sourceTree = "<group>";
		};
		9C6F58F72B4E7A1900D820BA /* CustomViews */ = {
			isa = PBXGroup;
			children = (
				9C6F58F82B4E7A2700D820BA /* MoviesSegmentControl.swift */,
				9C6F58FA2B4EB6AB00D820BA /* CircleStrokeView.swift */,
			);
			path = CustomViews;
			sourceTree = "<group>";
		};
/* End PBXGroup section */

/* Begin PBXNativeTarget section */
		201555582B46D293007A7423 /* Movies */ = {
			isa = PBXNativeTarget;
			buildConfigurationList = 201555832B46D296007A7423 /* Build configuration list for PBXNativeTarget "Movies" */;
			buildPhases = (
				201555552B46D293007A7423 /* Sources */,
				201555562B46D293007A7423 /* Frameworks */,
				201555572B46D293007A7423 /* Resources */,
			);
			buildRules = (
			);
			dependencies = (
			);
			name = Movies;
			packageProductDependencies = (
				209965C52B497F5700DB6634 /* FirebaseAuth */,
				209965C72B497F5700DB6634 /* FirebaseDatabase */,
				209965C92B497F5700DB6634 /* FirebaseDatabaseSwift */,
				209965CB2B497F5700DB6634 /* FirebaseFirestore */,
				209965CD2B497F5700DB6634 /* FirebaseFirestoreSwift */,
				209965CF2B497F5700DB6634 /* FirebaseStorage */,
			);
			productName = Movies;
			productReference = 201555592B46D293007A7423 /* Movies.app */;
			productType = "com.apple.product-type.application";
		};
		2015556E2B46D296007A7423 /* MoviesTests */ = {
			isa = PBXNativeTarget;
			buildConfigurationList = 201555862B46D296007A7423 /* Build configuration list for PBXNativeTarget "MoviesTests" */;
			buildPhases = (
				2015556B2B46D296007A7423 /* Sources */,
				2015556C2B46D296007A7423 /* Frameworks */,
				2015556D2B46D296007A7423 /* Resources */,
			);
			buildRules = (
			);
			dependencies = (
				201555712B46D296007A7423 /* PBXTargetDependency */,
			);
			name = MoviesTests;
			productName = MoviesTests;
			productReference = 2015556F2B46D296007A7423 /* MoviesTests.xctest */;
			productType = "com.apple.product-type.bundle.unit-test";
		};
		201555782B46D296007A7423 /* MoviesUITests */ = {
			isa = PBXNativeTarget;
			buildConfigurationList = 201555892B46D296007A7423 /* Build configuration list for PBXNativeTarget "MoviesUITests" */;
			buildPhases = (
				201555752B46D296007A7423 /* Sources */,
				201555762B46D296007A7423 /* Frameworks */,
				201555772B46D296007A7423 /* Resources */,
			);
			buildRules = (
			);
			dependencies = (
				2015557B2B46D296007A7423 /* PBXTargetDependency */,
			);
			name = MoviesUITests;
			productName = MoviesUITests;
			productReference = 201555792B46D296007A7423 /* MoviesUITests.xctest */;
			productType = "com.apple.product-type.bundle.ui-testing";
		};
/* End PBXNativeTarget section */

/* Begin PBXProject section */
		201555512B46D293007A7423 /* Project object */ = {
			isa = PBXProject;
			attributes = {
				BuildIndependentTargetsInParallel = 1;
				LastSwiftUpdateCheck = 1500;
				LastUpgradeCheck = 1500;
				TargetAttributes = {
					201555582B46D293007A7423 = {
						CreatedOnToolsVersion = 15.0.1;
					};
					2015556E2B46D296007A7423 = {
						CreatedOnToolsVersion = 15.0.1;
						TestTargetID = 201555582B46D293007A7423;
					};
					201555782B46D296007A7423 = {
						CreatedOnToolsVersion = 15.0.1;
						TestTargetID = 201555582B46D293007A7423;
					};
				};
			};
			buildConfigurationList = 201555542B46D293007A7423 /* Build configuration list for PBXProject "Movies" */;
			compatibilityVersion = "Xcode 14.0";
			developmentRegion = en;
			hasScannedForEncodings = 0;
			knownRegions = (
				en,
				Base,
			);
			mainGroup = 201555502B46D293007A7423;
			packageReferences = (
				209965C42B497F5700DB6634 /* XCRemoteSwiftPackageReference "firebase-ios-sdk" */,
			);
			productRefGroup = 2015555A2B46D293007A7423 /* Products */;
			projectDirPath = "";
			projectRoot = "";
			targets = (
				201555582B46D293007A7423 /* Movies */,
				2015556E2B46D296007A7423 /* MoviesTests */,
				201555782B46D296007A7423 /* MoviesUITests */,
			);
		};
/* End PBXProject section */

/* Begin PBXResourcesBuildPhase section */
		201555572B46D293007A7423 /* Resources */ = {
			isa = PBXResourcesBuildPhase;
			buildActionMask = 2147483647;
			files = (
				201555692B46D296007A7423 /* LaunchScreen.storyboard in Resources */,
				201555662B46D296007A7423 /* Assets.xcassets in Resources */,
				20765D682B4C115600B30CAB /* OpenSans-SemiBold.ttf in Resources */,
				20765D662B4C114400B30CAB /* OpenSans-Regular.ttf in Resources */,
				209965C32B497DFD00DB6634 /* GoogleService-Info.plist in Resources */,
				20765D6A2B4C116900B30CAB /* OpenSans-ExtraBold.ttf in Resources */,
			);
			runOnlyForDeploymentPostprocessing = 0;
		};
		2015556D2B46D296007A7423 /* Resources */ = {
			isa = PBXResourcesBuildPhase;
			buildActionMask = 2147483647;
			files = (
			);
			runOnlyForDeploymentPostprocessing = 0;
		};
		201555772B46D296007A7423 /* Resources */ = {
			isa = PBXResourcesBuildPhase;
			buildActionMask = 2147483647;
			files = (
			);
			runOnlyForDeploymentPostprocessing = 0;
		};
/* End PBXResourcesBuildPhase section */

/* Begin PBXSourcesBuildPhase section */
		201555552B46D293007A7423 /* Sources */ = {
			isa = PBXSourcesBuildPhase;
			buildActionMask = 2147483647;
			files = (
				9C6F58F22B4DFEC900D820BA /* UIButton+Extension.swift in Sources */,
				20C311A52B48201100936DBC /* LoginCoordinator.swift in Sources */,
				20C311AE2B482F2C00936DBC /* UIView+Extension.swift in Sources */,
				9C6F58F62B4E01A000D820BA /* UIImage+extension.swift in Sources */,
				209965DA2B499A6600DB6634 /* Alert+Extension.swift in Sources */,
				20FD106C2B4D440600D2297F /* HomeViewModel.swift in Sources */,
				20B3FEAB2B48A23400566ACC /* ColorConstans.swift in Sources */,
				20B3FEB12B48B2FB00566ACC /* CreateViewController.swift in Sources */,
				9C6F58F92B4E7A2700D820BA /* MoviesSegmentControl.swift in Sources */,
				20C311A32B481CEB00936DBC /* AppCoordinator.swift in Sources */,
				20765D6C2B4C127500B30CAB /* FontsConstants.swift in Sources */,
				20C311A72B48203100936DBC /* TabBarCoordinator.swift in Sources */,
				209965D22B4983B900DB6634 /* AuthorizedManager.swift in Sources */,
				20B3FEB32B48B31800566ACC /* ProfileViewController.swift in Sources */,
				20C311AC2B482EA800936DBC /* TitleConstans.swift in Sources */,
				20C311A12B481A9D00936DBC /* Coordinator.swift in Sources */,
				209965D82B49871000DB6634 /* DataBaseManager.swift in Sources */,
				9C6F58FB2B4EB6AB00D820BA /* CircleStrokeView.swift in Sources */,
				20C311B42B489F3000936DBC /* SplashViewController.swift in Sources */,
				20FD10782B4D7ACC00D2297F /* CategoriesCell.swift in Sources */,
				209965D62B49853D00DB6634 /* AuthorizedError.swift in Sources */,
				201555612B46D293007A7423 /* LoginViewController.swift in Sources */,
				20FD10742B4D524700D2297F /* HeaderCell.swift in Sources */,
				20FD107E2B4FE4BD00D2297F /* BaseHomeCell.swift in Sources */,
				20FD10712B4D505F00D2297F /* CompositionalLayout.swift in Sources */,
				209965D42B49843A00DB6634 /* UserProfile.swift in Sources */,
				20FD106E2B4D4E7C00D2297F /* HomeVC+CollectionView.swift in Sources */,
				9C6F58F42B4DFF1C00D820BA /* UIColor+extension.swift in Sources */,
				20C311B02B48300000936DBC /* ImageConstants.swift in Sources */,
				20B3FEAF2B48B2CE00566ACC /* SearchViewController.swift in Sources */,
				20B3FEAD2B48AE6400566ACC /* BaseCoordinator.swift in Sources */,
				2015555D2B46D293007A7423 /* AppDelegate.swift in Sources */,
				20FD10762B4D52C500D2297F /* HomeCell.swift in Sources */,
				2015555F2B46D293007A7423 /* SceneDelegate.swift in Sources */,
				20C3119F2B4819D700936DBC /* HomeViewController.swift in Sources */,
				20FD107C2B4FE26300D2297F /* LatestTrailersCell.swift in Sources */,
				20C311AA2B482B5C00936DBC /* UITextFieldPudding.swift in Sources */,
			);
			runOnlyForDeploymentPostprocessing = 0;
		};
		2015556B2B46D296007A7423 /* Sources */ = {
			isa = PBXSourcesBuildPhase;
			buildActionMask = 2147483647;
			files = (
				201555742B46D296007A7423 /* MoviesTests.swift in Sources */,
			);
			runOnlyForDeploymentPostprocessing = 0;
		};
		201555752B46D296007A7423 /* Sources */ = {
			isa = PBXSourcesBuildPhase;
			buildActionMask = 2147483647;
			files = (
				2015557E2B46D296007A7423 /* MoviesUITests.swift in Sources */,
				201555802B46D296007A7423 /* MoviesUITestsLaunchTests.swift in Sources */,
			);
			runOnlyForDeploymentPostprocessing = 0;
		};
/* End PBXSourcesBuildPhase section */

/* Begin PBXTargetDependency section */
		201555712B46D296007A7423 /* PBXTargetDependency */ = {
			isa = PBXTargetDependency;
			target = 201555582B46D293007A7423 /* Movies */;
			targetProxy = 201555702B46D296007A7423 /* PBXContainerItemProxy */;
		};
		2015557B2B46D296007A7423 /* PBXTargetDependency */ = {
			isa = PBXTargetDependency;
			target = 201555582B46D293007A7423 /* Movies */;
			targetProxy = 2015557A2B46D296007A7423 /* PBXContainerItemProxy */;
		};
/* End PBXTargetDependency section */

/* Begin PBXVariantGroup section */
		201555672B46D296007A7423 /* LaunchScreen.storyboard */ = {
			isa = PBXVariantGroup;
			children = (
				201555682B46D296007A7423 /* Base */,
			);
			name = LaunchScreen.storyboard;
			sourceTree = "<group>";
		};
/* End PBXVariantGroup section */

/* Begin XCBuildConfiguration section */
		201555812B46D296007A7423 /* Debug */ = {
			isa = XCBuildConfiguration;
			buildSettings = {
				ALWAYS_SEARCH_USER_PATHS = NO;
				ASSETCATALOG_COMPILER_GENERATE_SWIFT_ASSET_SYMBOL_EXTENSIONS = YES;
				CLANG_ANALYZER_NONNULL = YES;
				CLANG_ANALYZER_NUMBER_OBJECT_CONVERSION = YES_AGGRESSIVE;
				CLANG_CXX_LANGUAGE_STANDARD = "gnu++20";
				CLANG_ENABLE_MODULES = YES;
				CLANG_ENABLE_OBJC_ARC = YES;
				CLANG_ENABLE_OBJC_WEAK = YES;
				CLANG_WARN_BLOCK_CAPTURE_AUTORELEASING = YES;
				CLANG_WARN_BOOL_CONVERSION = YES;
				CLANG_WARN_COMMA = YES;
				CLANG_WARN_CONSTANT_CONVERSION = YES;
				CLANG_WARN_DEPRECATED_OBJC_IMPLEMENTATIONS = YES;
				CLANG_WARN_DIRECT_OBJC_ISA_USAGE = YES_ERROR;
				CLANG_WARN_DOCUMENTATION_COMMENTS = YES;
				CLANG_WARN_EMPTY_BODY = YES;
				CLANG_WARN_ENUM_CONVERSION = YES;
				CLANG_WARN_INFINITE_RECURSION = YES;
				CLANG_WARN_INT_CONVERSION = YES;
				CLANG_WARN_NON_LITERAL_NULL_CONVERSION = YES;
				CLANG_WARN_OBJC_IMPLICIT_RETAIN_SELF = YES;
				CLANG_WARN_OBJC_LITERAL_CONVERSION = YES;
				CLANG_WARN_OBJC_ROOT_CLASS = YES_ERROR;
				CLANG_WARN_QUOTED_INCLUDE_IN_FRAMEWORK_HEADER = YES;
				CLANG_WARN_RANGE_LOOP_ANALYSIS = YES;
				CLANG_WARN_STRICT_PROTOTYPES = YES;
				CLANG_WARN_SUSPICIOUS_MOVE = YES;
				CLANG_WARN_UNGUARDED_AVAILABILITY = YES_AGGRESSIVE;
				CLANG_WARN_UNREACHABLE_CODE = YES;
				CLANG_WARN__DUPLICATE_METHOD_MATCH = YES;
				COPY_PHASE_STRIP = NO;
				DEBUG_INFORMATION_FORMAT = dwarf;
				ENABLE_STRICT_OBJC_MSGSEND = YES;
				ENABLE_TESTABILITY = YES;
				ENABLE_USER_SCRIPT_SANDBOXING = YES;
				GCC_C_LANGUAGE_STANDARD = gnu17;
				GCC_DYNAMIC_NO_PIC = NO;
				GCC_NO_COMMON_BLOCKS = YES;
				GCC_OPTIMIZATION_LEVEL = 0;
				GCC_PREPROCESSOR_DEFINITIONS = (
					"DEBUG=1",
					"$(inherited)",
				);
				GCC_WARN_64_TO_32_BIT_CONVERSION = YES;
				GCC_WARN_ABOUT_RETURN_TYPE = YES_ERROR;
				GCC_WARN_UNDECLARED_SELECTOR = YES;
				GCC_WARN_UNINITIALIZED_AUTOS = YES_AGGRESSIVE;
				GCC_WARN_UNUSED_FUNCTION = YES;
				GCC_WARN_UNUSED_VARIABLE = YES;
				IPHONEOS_DEPLOYMENT_TARGET = 17.0;
				LOCALIZATION_PREFERS_STRING_CATALOGS = YES;
				MTL_ENABLE_DEBUG_INFO = INCLUDE_SOURCE;
				MTL_FAST_MATH = YES;
				ONLY_ACTIVE_ARCH = YES;
				SDKROOT = iphoneos;
				SWIFT_ACTIVE_COMPILATION_CONDITIONS = "DEBUG $(inherited)";
				SWIFT_OPTIMIZATION_LEVEL = "-Onone";
			};
			name = Debug;
		};
		201555822B46D296007A7423 /* Release */ = {
			isa = XCBuildConfiguration;
			buildSettings = {
				ALWAYS_SEARCH_USER_PATHS = NO;
				ASSETCATALOG_COMPILER_GENERATE_SWIFT_ASSET_SYMBOL_EXTENSIONS = YES;
				CLANG_ANALYZER_NONNULL = YES;
				CLANG_ANALYZER_NUMBER_OBJECT_CONVERSION = YES_AGGRESSIVE;
				CLANG_CXX_LANGUAGE_STANDARD = "gnu++20";
				CLANG_ENABLE_MODULES = YES;
				CLANG_ENABLE_OBJC_ARC = YES;
				CLANG_ENABLE_OBJC_WEAK = YES;
				CLANG_WARN_BLOCK_CAPTURE_AUTORELEASING = YES;
				CLANG_WARN_BOOL_CONVERSION = YES;
				CLANG_WARN_COMMA = YES;
				CLANG_WARN_CONSTANT_CONVERSION = YES;
				CLANG_WARN_DEPRECATED_OBJC_IMPLEMENTATIONS = YES;
				CLANG_WARN_DIRECT_OBJC_ISA_USAGE = YES_ERROR;
				CLANG_WARN_DOCUMENTATION_COMMENTS = YES;
				CLANG_WARN_EMPTY_BODY = YES;
				CLANG_WARN_ENUM_CONVERSION = YES;
				CLANG_WARN_INFINITE_RECURSION = YES;
				CLANG_WARN_INT_CONVERSION = YES;
				CLANG_WARN_NON_LITERAL_NULL_CONVERSION = YES;
				CLANG_WARN_OBJC_IMPLICIT_RETAIN_SELF = YES;
				CLANG_WARN_OBJC_LITERAL_CONVERSION = YES;
				CLANG_WARN_OBJC_ROOT_CLASS = YES_ERROR;
				CLANG_WARN_QUOTED_INCLUDE_IN_FRAMEWORK_HEADER = YES;
				CLANG_WARN_RANGE_LOOP_ANALYSIS = YES;
				CLANG_WARN_STRICT_PROTOTYPES = YES;
				CLANG_WARN_SUSPICIOUS_MOVE = YES;
				CLANG_WARN_UNGUARDED_AVAILABILITY = YES_AGGRESSIVE;
				CLANG_WARN_UNREACHABLE_CODE = YES;
				CLANG_WARN__DUPLICATE_METHOD_MATCH = YES;
				COPY_PHASE_STRIP = NO;
				DEBUG_INFORMATION_FORMAT = "dwarf-with-dsym";
				ENABLE_NS_ASSERTIONS = NO;
				ENABLE_STRICT_OBJC_MSGSEND = YES;
				ENABLE_USER_SCRIPT_SANDBOXING = YES;
				GCC_C_LANGUAGE_STANDARD = gnu17;
				GCC_NO_COMMON_BLOCKS = YES;
				GCC_WARN_64_TO_32_BIT_CONVERSION = YES;
				GCC_WARN_ABOUT_RETURN_TYPE = YES_ERROR;
				GCC_WARN_UNDECLARED_SELECTOR = YES;
				GCC_WARN_UNINITIALIZED_AUTOS = YES_AGGRESSIVE;
				GCC_WARN_UNUSED_FUNCTION = YES;
				GCC_WARN_UNUSED_VARIABLE = YES;
				IPHONEOS_DEPLOYMENT_TARGET = 17.0;
				LOCALIZATION_PREFERS_STRING_CATALOGS = YES;
				MTL_ENABLE_DEBUG_INFO = NO;
				MTL_FAST_MATH = YES;
				SDKROOT = iphoneos;
				SWIFT_COMPILATION_MODE = wholemodule;
				VALIDATE_PRODUCT = YES;
			};
			name = Release;
		};
		201555842B46D296007A7423 /* Debug */ = {
			isa = XCBuildConfiguration;
			buildSettings = {
				ASSETCATALOG_COMPILER_APPICON_NAME = AppIcon;
				ASSETCATALOG_COMPILER_GLOBAL_ACCENT_COLOR_NAME = AccentColor;
				CODE_SIGN_STYLE = Automatic;
				CURRENT_PROJECT_VERSION = 1;
				DEVELOPMENT_TEAM = XUD463Y658;
				GENERATE_INFOPLIST_FILE = YES;
				INFOPLIST_FILE = Movies/Resourses/Info.plist;
				INFOPLIST_KEY_UIApplicationSupportsIndirectInputEvents = YES;
				INFOPLIST_KEY_UILaunchStoryboardName = LaunchScreen;
				INFOPLIST_KEY_UISupportedInterfaceOrientations_iPad = "UIInterfaceOrientationPortrait UIInterfaceOrientationPortraitUpsideDown UIInterfaceOrientationLandscapeLeft UIInterfaceOrientationLandscapeRight";
				INFOPLIST_KEY_UISupportedInterfaceOrientations_iPhone = "UIInterfaceOrientationPortrait UIInterfaceOrientationLandscapeLeft UIInterfaceOrientationLandscapeRight";
				LD_RUNPATH_SEARCH_PATHS = (
					"$(inherited)",
					"@executable_path/Frameworks",
				);
				MARKETING_VERSION = 1.0;
				PRODUCT_BUNDLE_IDENTIFIER = sova.Movies;
				PRODUCT_NAME = "$(TARGET_NAME)";
				SWIFT_EMIT_LOC_STRINGS = YES;
				SWIFT_VERSION = 5.0;
				TARGETED_DEVICE_FAMILY = "1,2";
			};
			name = Debug;
		};
		201555852B46D296007A7423 /* Release */ = {
			isa = XCBuildConfiguration;
			buildSettings = {
				ASSETCATALOG_COMPILER_APPICON_NAME = AppIcon;
				ASSETCATALOG_COMPILER_GLOBAL_ACCENT_COLOR_NAME = AccentColor;
				CODE_SIGN_STYLE = Automatic;
				CURRENT_PROJECT_VERSION = 1;
				DEVELOPMENT_TEAM = XUD463Y658;
				GENERATE_INFOPLIST_FILE = YES;
				INFOPLIST_FILE = Movies/Resourses/Info.plist;
				INFOPLIST_KEY_UIApplicationSupportsIndirectInputEvents = YES;
				INFOPLIST_KEY_UILaunchStoryboardName = LaunchScreen;
				INFOPLIST_KEY_UISupportedInterfaceOrientations_iPad = "UIInterfaceOrientationPortrait UIInterfaceOrientationPortraitUpsideDown UIInterfaceOrientationLandscapeLeft UIInterfaceOrientationLandscapeRight";
				INFOPLIST_KEY_UISupportedInterfaceOrientations_iPhone = "UIInterfaceOrientationPortrait UIInterfaceOrientationLandscapeLeft UIInterfaceOrientationLandscapeRight";
				LD_RUNPATH_SEARCH_PATHS = (
					"$(inherited)",
					"@executable_path/Frameworks",
				);
				MARKETING_VERSION = 1.0;
				PRODUCT_BUNDLE_IDENTIFIER = sova.Movies;
				PRODUCT_NAME = "$(TARGET_NAME)";
				SWIFT_EMIT_LOC_STRINGS = YES;
				SWIFT_VERSION = 5.0;
				TARGETED_DEVICE_FAMILY = "1,2";
			};
			name = Release;
		};
		201555872B46D296007A7423 /* Debug */ = {
			isa = XCBuildConfiguration;
			buildSettings = {
				ALWAYS_EMBED_SWIFT_STANDARD_LIBRARIES = YES;
				BUNDLE_LOADER = "$(TEST_HOST)";
				CODE_SIGN_STYLE = Automatic;
				CURRENT_PROJECT_VERSION = 1;
				DEVELOPMENT_TEAM = XUD463Y658;
				GENERATE_INFOPLIST_FILE = YES;
				IPHONEOS_DEPLOYMENT_TARGET = 17.0;
				MARKETING_VERSION = 1.0;
				PRODUCT_BUNDLE_IDENTIFIER = sova.MoviesTests;
				PRODUCT_NAME = "$(TARGET_NAME)";
				SWIFT_EMIT_LOC_STRINGS = NO;
				SWIFT_VERSION = 5.0;
				TARGETED_DEVICE_FAMILY = "1,2";
				TEST_HOST = "$(BUILT_PRODUCTS_DIR)/Movies.app/$(BUNDLE_EXECUTABLE_FOLDER_PATH)/Movies";
			};
			name = Debug;
		};
		201555882B46D296007A7423 /* Release */ = {
			isa = XCBuildConfiguration;
			buildSettings = {
				ALWAYS_EMBED_SWIFT_STANDARD_LIBRARIES = YES;
				BUNDLE_LOADER = "$(TEST_HOST)";
				CODE_SIGN_STYLE = Automatic;
				CURRENT_PROJECT_VERSION = 1;
				DEVELOPMENT_TEAM = XUD463Y658;
				GENERATE_INFOPLIST_FILE = YES;
				IPHONEOS_DEPLOYMENT_TARGET = 17.0;
				MARKETING_VERSION = 1.0;
				PRODUCT_BUNDLE_IDENTIFIER = sova.MoviesTests;
				PRODUCT_NAME = "$(TARGET_NAME)";
				SWIFT_EMIT_LOC_STRINGS = NO;
				SWIFT_VERSION = 5.0;
				TARGETED_DEVICE_FAMILY = "1,2";
				TEST_HOST = "$(BUILT_PRODUCTS_DIR)/Movies.app/$(BUNDLE_EXECUTABLE_FOLDER_PATH)/Movies";
			};
			name = Release;
		};
		2015558A2B46D296007A7423 /* Debug */ = {
			isa = XCBuildConfiguration;
			buildSettings = {
				ALWAYS_EMBED_SWIFT_STANDARD_LIBRARIES = YES;
				CODE_SIGN_STYLE = Automatic;
				CURRENT_PROJECT_VERSION = 1;
				DEVELOPMENT_TEAM = XUD463Y658;
				GENERATE_INFOPLIST_FILE = YES;
				MARKETING_VERSION = 1.0;
				PRODUCT_BUNDLE_IDENTIFIER = sova.MoviesUITests;
				PRODUCT_NAME = "$(TARGET_NAME)";
				SWIFT_EMIT_LOC_STRINGS = NO;
				SWIFT_VERSION = 5.0;
				TARGETED_DEVICE_FAMILY = "1,2";
				TEST_TARGET_NAME = Movies;
			};
			name = Debug;
		};
		2015558B2B46D296007A7423 /* Release */ = {
			isa = XCBuildConfiguration;
			buildSettings = {
				ALWAYS_EMBED_SWIFT_STANDARD_LIBRARIES = YES;
				CODE_SIGN_STYLE = Automatic;
				CURRENT_PROJECT_VERSION = 1;
				DEVELOPMENT_TEAM = XUD463Y658;
				GENERATE_INFOPLIST_FILE = YES;
				MARKETING_VERSION = 1.0;
				PRODUCT_BUNDLE_IDENTIFIER = sova.MoviesUITests;
				PRODUCT_NAME = "$(TARGET_NAME)";
				SWIFT_EMIT_LOC_STRINGS = NO;
				SWIFT_VERSION = 5.0;
				TARGETED_DEVICE_FAMILY = "1,2";
				TEST_TARGET_NAME = Movies;
			};
			name = Release;
		};
/* End XCBuildConfiguration section */

/* Begin XCConfigurationList section */
		201555542B46D293007A7423 /* Build configuration list for PBXProject "Movies" */ = {
			isa = XCConfigurationList;
			buildConfigurations = (
				201555812B46D296007A7423 /* Debug */,
				201555822B46D296007A7423 /* Release */,
			);
			defaultConfigurationIsVisible = 0;
			defaultConfigurationName = Release;
		};
		201555832B46D296007A7423 /* Build configuration list for PBXNativeTarget "Movies" */ = {
			isa = XCConfigurationList;
			buildConfigurations = (
				201555842B46D296007A7423 /* Debug */,
				201555852B46D296007A7423 /* Release */,
			);
			defaultConfigurationIsVisible = 0;
			defaultConfigurationName = Release;
		};
		201555862B46D296007A7423 /* Build configuration list for PBXNativeTarget "MoviesTests" */ = {
			isa = XCConfigurationList;
			buildConfigurations = (
				201555872B46D296007A7423 /* Debug */,
				201555882B46D296007A7423 /* Release */,
			);
			defaultConfigurationIsVisible = 0;
			defaultConfigurationName = Release;
		};
		201555892B46D296007A7423 /* Build configuration list for PBXNativeTarget "MoviesUITests" */ = {
			isa = XCConfigurationList;
			buildConfigurations = (
				2015558A2B46D296007A7423 /* Debug */,
				2015558B2B46D296007A7423 /* Release */,
			);
			defaultConfigurationIsVisible = 0;
			defaultConfigurationName = Release;
		};
/* End XCConfigurationList section */

/* Begin XCRemoteSwiftPackageReference section */
		209965C42B497F5700DB6634 /* XCRemoteSwiftPackageReference "firebase-ios-sdk" */ = {
			isa = XCRemoteSwiftPackageReference;
			repositoryURL = "https://github.com/firebase/firebase-ios-sdk";
			requirement = {
				kind = upToNextMajorVersion;
				minimumVersion = 10.19.1;
			};
		};
/* End XCRemoteSwiftPackageReference section */

/* Begin XCSwiftPackageProductDependency section */
		209965C52B497F5700DB6634 /* FirebaseAuth */ = {
			isa = XCSwiftPackageProductDependency;
			package = 209965C42B497F5700DB6634 /* XCRemoteSwiftPackageReference "firebase-ios-sdk" */;
			productName = FirebaseAuth;
		};
		209965C72B497F5700DB6634 /* FirebaseDatabase */ = {
			isa = XCSwiftPackageProductDependency;
			package = 209965C42B497F5700DB6634 /* XCRemoteSwiftPackageReference "firebase-ios-sdk" */;
			productName = FirebaseDatabase;
		};
		209965C92B497F5700DB6634 /* FirebaseDatabaseSwift */ = {
			isa = XCSwiftPackageProductDependency;
			package = 209965C42B497F5700DB6634 /* XCRemoteSwiftPackageReference "firebase-ios-sdk" */;
			productName = FirebaseDatabaseSwift;
		};
		209965CB2B497F5700DB6634 /* FirebaseFirestore */ = {
			isa = XCSwiftPackageProductDependency;
			package = 209965C42B497F5700DB6634 /* XCRemoteSwiftPackageReference "firebase-ios-sdk" */;
			productName = FirebaseFirestore;
		};
		209965CD2B497F5700DB6634 /* FirebaseFirestoreSwift */ = {
			isa = XCSwiftPackageProductDependency;
			package = 209965C42B497F5700DB6634 /* XCRemoteSwiftPackageReference "firebase-ios-sdk" */;
			productName = FirebaseFirestoreSwift;
		};
		209965CF2B497F5700DB6634 /* FirebaseStorage */ = {
			isa = XCSwiftPackageProductDependency;
			package = 209965C42B497F5700DB6634 /* XCRemoteSwiftPackageReference "firebase-ios-sdk" */;
			productName = FirebaseStorage;
		};
/* End XCSwiftPackageProductDependency section */
	};
	rootObject = 201555512B46D293007A7423 /* Project object */;
}
